
Microsoft Visual Studio Solution File, Format Version 12.00
# Visual Studio Version 16
VisualStudioVersion = 16.0.28729.10
MinimumVisualStudioVersion = 10.0.40219.1
Project("{FAE04EC0-301F-11D3-BF4B-00C04F79EFBC}") = "KiemTra", "KiemTra\KiemTra.csproj", "{A6A97FFE-8770-43E4-93BA-5E94B88E82F1}"
EndProject
Project("{FAE04EC0-301F-11D3-BF4B-00C04F79EFBC}") = "bai1", "..\bai1\bai1\bai1.csproj", "{F6C7020A-2860-4981-A101-077662A20D02}"
EndProject
Global
	GlobalSection(SolutionConfigurationPlatforms) = preSolution
		Debug|Any CPU = Debug|Any CPU
		Release|Any CPU = Release|Any CPU
	EndGlobalSection
	GlobalSection(ProjectConfigurationPlatforms) = postSolution
		{A6A97FFE-8770-43E4-93BA-5E94B88E82F1}.Debug|Any CPU.ActiveCfg = Debug|Any CPU
		{A6A97FFE-8770-43E4-93BA-5E94B88E82F1}.Debug|Any CPU.Build.0 = Debug|Any CPU
		{A6A97FFE-8770-43E4-93BA-5E94B88E82F1}.Release|Any CPU.ActiveCfg = Release|Any CPU
		{A6A97FFE-8770-43E4-93BA-5E94B88E82F1}.Release|Any CPU.Build.0 = Release|Any CPU
		{F6C7020A-2860-4981-A101-077662A20D02}.Debug|Any CPU.ActiveCfg = Debug|Any CPU
		{F6C7020A-2860-4981-A101-077662A20D02}.Debug|Any CPU.Build.0 = Debug|Any CPU
		{F6C7020A-2860-4981-A101-077662A20D02}.Release|Any CPU.ActiveCfg = Release|Any CPU
		{F6C7020A-2860-4981-A101-077662A20D02}.Release|Any CPU.Build.0 = Release|Any CPU
	EndGlobalSection
	GlobalSection(SolutionProperties) = preSolution
		HideSolutionNode = FALSE
	EndGlobalSection
	GlobalSection(ExtensibilityGlobals) = postSolution
		SolutionGuid = {FEB925BF-B9FB-4CD7-8A60-F487E8283B97}
	EndGlobalSection
EndGlobal
